
Microsoft Visual Studio Solution File, Format Version 12.00
# Visual Studio Version 17
VisualStudioVersion = 17.9.34622.214
MinimumVisualStudioVersion = 10.0.40219.1
Project("{FAE04EC0-301F-11D3-BF4B-00C04F79EFBC}") = "AMR-Bypass", "AMR-Bypass.csproj", "{395B8373-0342-4239-A9A8-564D52961D8A}"
EndProject
Global
	GlobalSection(SolutionConfigurationPlatforms) = preSolution
		Debug|Any CPU = Debug|Any CPU
		Release|Any CPU = Release|Any CPU
	EndGlobalSection
	GlobalSection(ProjectConfigurationPlatforms) = postSolution
		{395B8373-0342-4239-A9A8-564D52961D8A}.Debug|Any CPU.ActiveCfg = Debug|Any CPU
		{395B8373-0342-4239-A9A8-564D52961D8A}.Debug|Any CPU.Build.0 = Debug|Any CPU
		{395B8373-0342-4239-A9A8-564D52961D8A}.Release|Any CPU.ActiveCfg = Release|Any CPU
		{395B8373-0342-4239-A9A8-564D52961D8A}.Release|Any CPU.Build.0 = Release|Any CPU
	EndGlobalSection
	GlobalSection(SolutionProperties) = preSolution
		HideSolutionNode = FALSE
	EndGlobalSection
	GlobalSection(ExtensibilityGlobals) = postSolution
		SolutionGuid = {A4401974-8841-477C-9842-1EF8B8D69679}
	EndGlobalSection
EndGlobal
